
Microsoft Visual Studio Solution File, Format Version 12.00
# Visual Studio Version 17
VisualStudioVersion = 17.4.33110.190
MinimumVisualStudioVersion = 10.0.40219.1
Project("{FAE04EC0-301F-11D3-BF4B-00C04F79EFBC}") = "AppForGitHub", "AppForGitHub.csproj", "{DEB23CC5-A2D5-4243-9826-03CD12465CAD}"
EndProject
Global
	GlobalSection(SolutionConfigurationPlatforms) = preSolution
		Debug|Any CPU = Debug|Any CPU
		Release|Any CPU = Release|Any CPU
	EndGlobalSection
	GlobalSection(ProjectConfigurationPlatforms) = postSolution
		{DEB23CC5-A2D5-4243-9826-03CD12465CAD}.Debug|Any CPU.ActiveCfg = Debug|Any CPU
		{DEB23CC5-A2D5-4243-9826-03CD12465CAD}.Debug|Any CPU.Build.0 = Debug|Any CPU
		{DEB23CC5-A2D5-4243-9826-03CD12465CAD}.Release|Any CPU.ActiveCfg = Release|Any CPU
		{DEB23CC5-A2D5-4243-9826-03CD12465CAD}.Release|Any CPU.Build.0 = Release|Any CPU
	EndGlobalSection
	GlobalSection(SolutionProperties) = preSolution
		HideSolutionNode = FALSE
	EndGlobalSection
	GlobalSection(ExtensibilityGlobals) = postSolution
		SolutionGuid = {44FEDD42-E4B0-4599-94FF-C71C70AB992F}
	EndGlobalSection
EndGlobal
